{
  "name": "syzoj-judge-v2",
  "version": "0.0.1",
  "lockfileVersion": 1,
  "requires": true,
  "dependencies": {
    "array-uniq": {
      "version": "1.0.2",
      "resolved": "https://registry.npmjs.org/array-uniq/-/array-uniq-1.0.2.tgz",
      "integrity": "sha1-X8w3OSB3VyPP1k1lxkvvU7+eum0="
    },
    "bindings": {
      "version": "1.3.0",
      "resolved": "https://registry.npmjs.org/bindings/-/bindings-1.3.0.tgz",
      "integrity": "sha512-DpLh5EzMR2kzvX1KIlVC0VkC3iZtHKTgdtZ0a3pglBZdaQFjt5S9g9xd1lE+YvXyfd6mtCeRnrUfOLYiTMlNSw=="
    },
    "nan": {
      "version": "2.6.2",
      "resolved": "https://registry.npmjs.org/nan/-/nan-2.6.2.tgz",
      "integrity": "sha1-5P805slf37WuzAjeZZb0NgWn20U="
    },
    "randomstring": {
      "version": "1.1.5",
      "resolved": "https://registry.npmjs.org/randomstring/-/randomstring-1.1.5.tgz",
      "integrity": "sha1-bfBij3XL1ZMpMNn+OrTpVqGFGMM=",
      "requires": {
        "array-uniq": "1.0.2"
      }
    },
    "simple-sandbox": {
      "version": "0.3.3",
      "resolved": "https://registry.npmjs.org/simple-sandbox/-/simple-sandbox-0.3.3.tgz",
      "integrity": "sha512-kS/t2psFySdj9ALmpJflAya+0ZHNnXMLbUhXHYRoX7DvgJOD2w3/Ct1ELN86uQ4hQhOvVnGzmxZRn9521IElbQ==",
      "requires": {
        "bindings": "1.3.0",
        "nan": "2.6.2",
        "randomstring": "1.1.5"
      }
    }
  }
}
